
Microsoft Visual Studio Solution File, Format Version 12.00
# Visual Studio Version 17
VisualStudioVersion = 17.10.35013.160
MinimumVisualStudioVersion = 10.0.40219.1
Project("{FAE04EC0-301F-11D3-BF4B-00C04F79EFBC}") = "tpi-GasparOneto-2024-programacion3", "tpi-GasparOneto-2024-programacion3\tpi-GasparOneto-2024-programacion3.csproj", "{F998830C-B3A5-4B65-B477-1935B64B7942}"
EndProject
Global
	GlobalSection(SolutionConfigurationPlatforms) = preSolution
		Debug|Any CPU = Debug|Any CPU
		Release|Any CPU = Release|Any CPU
	EndGlobalSection
	GlobalSection(ProjectConfigurationPlatforms) = postSolution
		{F998830C-B3A5-4B65-B477-1935B64B7942}.Debug|Any CPU.ActiveCfg = Debug|Any CPU
		{F998830C-B3A5-4B65-B477-1935B64B7942}.Debug|Any CPU.Build.0 = Debug|Any CPU
		{F998830C-B3A5-4B65-B477-1935B64B7942}.Release|Any CPU.ActiveCfg = Release|Any CPU
		{F998830C-B3A5-4B65-B477-1935B64B7942}.Release|Any CPU.Build.0 = Release|Any CPU
	EndGlobalSection
	GlobalSection(SolutionProperties) = preSolution
		HideSolutionNode = FALSE
	EndGlobalSection
	GlobalSection(ExtensibilityGlobals) = postSolution
		SolutionGuid = {6B68A0DA-6417-40C2-85C5-6E4D0F323FB2}
	EndGlobalSection
EndGlobal
